
Microsoft Visual Studio Solution File, Format Version 12.00
# Visual Studio Version 17
VisualStudioVersion = 17.2.32616.157
MinimumVisualStudioVersion = 10.0.40219.1
Project("{FAE04EC0-301F-11D3-BF4B-00C04F79EFBC}") = "WpfApp1", "WpfApp1\WpfApp1.csproj", "{04CDCE4B-120F-4844-9208-A92EDC6CF142}"
EndProject
Global
	GlobalSection(SolutionConfigurationPlatforms) = preSolution
		Debug|Any CPU = Debug|Any CPU
		Debug|x86 = Debug|x86
		Release|Any CPU = Release|Any CPU
		Release|x86 = Release|x86
	EndGlobalSection
	GlobalSection(ProjectConfigurationPlatforms) = postSolution
		{04CDCE4B-120F-4844-9208-A92EDC6CF142}.Debug|Any CPU.ActiveCfg = Debug|Any CPU
		{04CDCE4B-120F-4844-9208-A92EDC6CF142}.Debug|Any CPU.Build.0 = Debug|Any CPU
		{04CDCE4B-120F-4844-9208-A92EDC6CF142}.Debug|x86.ActiveCfg = Debug|x86
		{04CDCE4B-120F-4844-9208-A92EDC6CF142}.Debug|x86.Build.0 = Debug|x86
		{04CDCE4B-120F-4844-9208-A92EDC6CF142}.Release|Any CPU.ActiveCfg = Release|Any CPU
		{04CDCE4B-120F-4844-9208-A92EDC6CF142}.Release|Any CPU.Build.0 = Release|Any CPU
		{04CDCE4B-120F-4844-9208-A92EDC6CF142}.Release|x86.ActiveCfg = Release|x86
		{04CDCE4B-120F-4844-9208-A92EDC6CF142}.Release|x86.Build.0 = Release|x86
	EndGlobalSection
	GlobalSection(SolutionProperties) = preSolution
		HideSolutionNode = FALSE
	EndGlobalSection
	GlobalSection(ExtensibilityGlobals) = postSolution
		SolutionGuid = {D39661B2-51A8-4908-984C-F4D6D80CD230}
	EndGlobalSection
EndGlobal
